// !$*UTF8*$!
{
	archiveVersion = 1;
	classes = {
	};
	objectVersion = 56;
	objects = {

/* Begin PBXBuildFile section */
		890B51922B608C3D00835A39 /* MovieDetailView.swift in Sources */ = {isa = PBXBuildFile; fileRef = 890B51912B608C3D00835A39 /* MovieDetailView.swift */; };
		897DA7E62B403D0400A91610 /* ComposableArchitecture in Frameworks */ = {isa = PBXBuildFile; productRef = 897DA7E52B403D0400A91610 /* ComposableArchitecture */; };
		897DA7E82B403D3200A91610 /* MovieModel.swift in Sources */ = {isa = PBXBuildFile; fileRef = 897DA7E72B403D3200A91610 /* MovieModel.swift */; };
		897DA7EF2B404FF100A91610 /* Kingfisher in Frameworks */ = {isa = PBXBuildFile; productRef = 897DA7EE2B404FF100A91610 /* Kingfisher */; };
		897DA7F12B40518000A91610 /* SearchMovieView.swift in Sources */ = {isa = PBXBuildFile; fileRef = 897DA7F02B40518000A91610 /* SearchMovieView.swift */; };
		899DDCA42B4EE6D3007EDAE7 /* Lottie in Frameworks */ = {isa = PBXBuildFile; productRef = 899DDCA32B4EE6D3007EDAE7 /* Lottie */; };
		899DDCA72B4EE986007EDAE7 /* Loading_Lottie.json in Resources */ = {isa = PBXBuildFile; fileRef = 899DDCA62B4EE986007EDAE7 /* Loading_Lottie.json */; };
		899F2C212B4D59BC00568110 /* MovieClient.swift in Sources */ = {isa = PBXBuildFile; fileRef = 899F2C202B4D59BC00568110 /* MovieClient.swift */; };
		89DC08E52B1F4474004EA9E4 /* iOSMovieApp.swift in Sources */ = {isa = PBXBuildFile; fileRef = 89DC08E42B1F4474004EA9E4 /* iOSMovieApp.swift */; };
		89DC08E72B1F4474004EA9E4 /* ContentView.swift in Sources */ = {isa = PBXBuildFile; fileRef = 89DC08E62B1F4474004EA9E4 /* ContentView.swift */; };
		89DC08E92B1F4475004EA9E4 /* Assets.xcassets in Resources */ = {isa = PBXBuildFile; fileRef = 89DC08E82B1F4475004EA9E4 /* Assets.xcassets */; };
		89DC08EC2B1F4475004EA9E4 /* Preview Assets.xcassets in Resources */ = {isa = PBXBuildFile; fileRef = 89DC08EB2B1F4475004EA9E4 /* Preview Assets.xcassets */; };
		89DC08F32B217D45004EA9E4 /* Movie.swift in Sources */ = {isa = PBXBuildFile; fileRef = 89DC08F22B217D45004EA9E4 /* Movie.swift */; };
		89DC08F52B21D1D0004EA9E4 /* SearchView.swift in Sources */ = {isa = PBXBuildFile; fileRef = 89DC08F42B21D1D0004EA9E4 /* SearchView.swift */; };
		89F0CD8E2B42ABA500434081 /* Color.xcassets in Resources */ = {isa = PBXBuildFile; fileRef = 89F0CD8D2B42ABA500434081 /* Color.xcassets */; };
		89F0CD902B44665A00434081 /* SearchTextField.swift in Sources */ = {isa = PBXBuildFile; fileRef = 89F0CD8F2B44665A00434081 /* SearchTextField.swift */; };
		89F0CD922B4466FD00434081 /* SearchListView.swift in Sources */ = {isa = PBXBuildFile; fileRef = 89F0CD912B4466FD00434081 /* SearchListView.swift */; };
		89F0CD962B446C8700434081 /* HomeView.swift in Sources */ = {isa = PBXBuildFile; fileRef = 89F0CD952B446C8700434081 /* HomeView.swift */; };
		89F0CD982B446C8D00434081 /* ReviewView.swift in Sources */ = {isa = PBXBuildFile; fileRef = 89F0CD972B446C8D00434081 /* ReviewView.swift */; };
/* End PBXBuildFile section */

/* Begin PBXFileReference section */
		890B51912B608C3D00835A39 /* MovieDetailView.swift */ = {isa = PBXFileReference; lastKnownFileType = sourcecode.swift; path = MovieDetailView.swift; sourceTree = "<group>"; };
		897DA7E72B403D3200A91610 /* MovieModel.swift */ = {isa = PBXFileReference; lastKnownFileType = sourcecode.swift; path = MovieModel.swift; sourceTree = "<group>"; };
		897DA7F02B40518000A91610 /* SearchMovieView.swift */ = {isa = PBXFileReference; lastKnownFileType = sourcecode.swift; path = SearchMovieView.swift; sourceTree = "<group>"; };
		899DDCA62B4EE986007EDAE7 /* Loading_Lottie.json */ = {isa = PBXFileReference; fileEncoding = 4; lastKnownFileType = text.json; path = Loading_Lottie.json; sourceTree = "<group>"; };
		899F2C202B4D59BC00568110 /* MovieClient.swift */ = {isa = PBXFileReference; lastKnownFileType = sourcecode.swift; path = MovieClient.swift; sourceTree = "<group>"; };
		89DC08E12B1F4474004EA9E4 /* iOSMovie.app */ = {isa = PBXFileReference; explicitFileType = wrapper.application; includeInIndex = 0; path = iOSMovie.app; sourceTree = BUILT_PRODUCTS_DIR; };
		89DC08E42B1F4474004EA9E4 /* iOSMovieApp.swift */ = {isa = PBXFileReference; lastKnownFileType = sourcecode.swift; path = iOSMovieApp.swift; sourceTree = "<group>"; };
		89DC08E62B1F4474004EA9E4 /* ContentView.swift */ = {isa = PBXFileReference; lastKnownFileType = sourcecode.swift; path = ContentView.swift; sourceTree = "<group>"; };
		89DC08E82B1F4475004EA9E4 /* Assets.xcassets */ = {isa = PBXFileReference; lastKnownFileType = folder.assetcatalog; path = Assets.xcassets; sourceTree = "<group>"; };
		89DC08EB2B1F4475004EA9E4 /* Preview Assets.xcassets */ = {isa = PBXFileReference; lastKnownFileType = folder.assetcatalog; path = "Preview Assets.xcassets"; sourceTree = "<group>"; };
		89DC08F22B217D45004EA9E4 /* Movie.swift */ = {isa = PBXFileReference; lastKnownFileType = sourcecode.swift; path = Movie.swift; sourceTree = "<group>"; };
		89DC08F42B21D1D0004EA9E4 /* SearchView.swift */ = {isa = PBXFileReference; lastKnownFileType = sourcecode.swift; path = SearchView.swift; sourceTree = "<group>"; };
		89F0CD8D2B42ABA500434081 /* Color.xcassets */ = {isa = PBXFileReference; lastKnownFileType = folder.assetcatalog; path = Color.xcassets; sourceTree = "<group>"; };
		89F0CD8F2B44665A00434081 /* SearchTextField.swift */ = {isa = PBXFileReference; lastKnownFileType = sourcecode.swift; path = SearchTextField.swift; sourceTree = "<group>"; };
		89F0CD912B4466FD00434081 /* SearchListView.swift */ = {isa = PBXFileReference; lastKnownFileType = sourcecode.swift; path = SearchListView.swift; sourceTree = "<group>"; };
		89F0CD952B446C8700434081 /* HomeView.swift */ = {isa = PBXFileReference; lastKnownFileType = sourcecode.swift; path = HomeView.swift; sourceTree = "<group>"; };
		89F0CD972B446C8D00434081 /* ReviewView.swift */ = {isa = PBXFileReference; lastKnownFileType = sourcecode.swift; path = ReviewView.swift; sourceTree = "<group>"; };
/* End PBXFileReference section */

/* Begin PBXFrameworksBuildPhase section */
		89DC08DE2B1F4474004EA9E4 /* Frameworks */ = {
			isa = PBXFrameworksBuildPhase;
			buildActionMask = 2147483647;
			files = (
				897DA7EF2B404FF100A91610 /* Kingfisher in Frameworks */,
				897DA7E62B403D0400A91610 /* ComposableArchitecture in Frameworks */,
				899DDCA42B4EE6D3007EDAE7 /* Lottie in Frameworks */,
			);
			runOnlyForDeploymentPostprocessing = 0;
		};
/* End PBXFrameworksBuildPhase section */

/* Begin PBXGroup section */
		890B51932B608D2D00835A39 /* Common */ = {
			isa = PBXGroup;
			children = (
				890B51912B608C3D00835A39 /* MovieDetailView.swift */,
			);
			path = Common;
			sourceTree = "<group>";
		};
		899DDCA52B4EE976007EDAE7 /* Lottie */ = {
			isa = PBXGroup;
			children = (
				899DDCA62B4EE986007EDAE7 /* Loading_Lottie.json */,
			);
			path = Lottie;
			sourceTree = "<group>";
		};
		89DC08D82B1F4474004EA9E4 = {
			isa = PBXGroup;
			children = (
				89DC08E32B1F4474004EA9E4 /* iOSMovie */,
				89DC08E22B1F4474004EA9E4 /* Products */,
			);
			sourceTree = "<group>";
		};
		89DC08E22B1F4474004EA9E4 /* Products */ = {
			isa = PBXGroup;
			children = (
				89DC08E12B1F4474004EA9E4 /* iOSMovie.app */,
			);
			name = Products;
			sourceTree = "<group>";
		};
		89DC08E32B1F4474004EA9E4 /* iOSMovie */ = {
			isa = PBXGroup;
			children = (
				89DC08EA2B1F4475004EA9E4 /* Preview Content */,
				89DC08FA2B21D243004EA9E4 /* Shared */,
				89DC08F92B21D23C004EA9E4 /* Feature */,
				89DC08F82B21D21A004EA9E4 /* Core */,
				89DC08F62B21D209004EA9E4 /* Domain */,
			);
			path = iOSMovie;
			sourceTree = "<group>";
		};
		89DC08EA2B1F4475004EA9E4 /* Preview Content */ = {
			isa = PBXGroup;
			children = (
				89DC08EB2B1F4475004EA9E4 /* Preview Assets.xcassets */,
			);
			path = "Preview Content";
			sourceTree = "<group>";
		};
		89DC08F62B21D209004EA9E4 /* Domain */ = {
			isa = PBXGroup;
			children = (
				89DC08F22B217D45004EA9E4 /* Movie.swift */,
				897DA7E72B403D3200A91610 /* MovieModel.swift */,
				899F2C202B4D59BC00568110 /* MovieClient.swift */,
			);
			path = Domain;
			sourceTree = "<group>";
		};
		89DC08F82B21D21A004EA9E4 /* Core */ = {
			isa = PBXGroup;
			children = (
			);
			path = Core;
			sourceTree = "<group>";
		};
		89DC08F92B21D23C004EA9E4 /* Feature */ = {
			isa = PBXGroup;
			children = (
				890B51932B608D2D00835A39 /* Common */,
				89F0CD942B446C8000434081 /* Review */,
				89F0CD932B446C7C00434081 /* Home */,
				89DC08FC2B21D29C004EA9E4 /* App */,
				89DC08FB2B21D292004EA9E4 /* Search */,
			);
			path = Feature;
			sourceTree = "<group>";
		};
		89DC08FA2B21D243004EA9E4 /* Shared */ = {
			isa = PBXGroup;
			children = (
				899DDCA52B4EE976007EDAE7 /* Lottie */,
				89DC08E82B1F4475004EA9E4 /* Assets.xcassets */,
				89F0CD8D2B42ABA500434081 /* Color.xcassets */,
			);
			path = Shared;
			sourceTree = "<group>";
		};
		89DC08FB2B21D292004EA9E4 /* Search */ = {
			isa = PBXGroup;
			children = (
				89DC08F42B21D1D0004EA9E4 /* SearchView.swift */,
				89F0CD912B4466FD00434081 /* SearchListView.swift */,
				89F0CD8F2B44665A00434081 /* SearchTextField.swift */,
				897DA7F02B40518000A91610 /* SearchMovieView.swift */,
			);
			path = Search;
			sourceTree = "<group>";
		};
		89DC08FC2B21D29C004EA9E4 /* App */ = {
			isa = PBXGroup;
			children = (
				89DC08E62B1F4474004EA9E4 /* ContentView.swift */,
				89DC08E42B1F4474004EA9E4 /* iOSMovieApp.swift */,
			);
			path = App;
			sourceTree = "<group>";
		};
		89F0CD932B446C7C00434081 /* Home */ = {
			isa = PBXGroup;
			children = (
				89F0CD952B446C8700434081 /* HomeView.swift */,
			);
			path = Home;
			sourceTree = "<group>";
		};
		89F0CD942B446C8000434081 /* Review */ = {
			isa = PBXGroup;
			children = (
				89F0CD972B446C8D00434081 /* ReviewView.swift */,
			);
			path = Review;
			sourceTree = "<group>";
		};
/* End PBXGroup section */

/* Begin PBXNativeTarget section */
		89DC08E02B1F4474004EA9E4 /* iOSMovie */ = {
			isa = PBXNativeTarget;
			buildConfigurationList = 89DC08EF2B1F4475004EA9E4 /* Build configuration list for PBXNativeTarget "iOSMovie" */;
			buildPhases = (
				89DC08DD2B1F4474004EA9E4 /* Sources */,
				89DC08DE2B1F4474004EA9E4 /* Frameworks */,
				89DC08DF2B1F4474004EA9E4 /* Resources */,
			);
			buildRules = (
			);
			dependencies = (
			);
			name = iOSMovie;
			packageProductDependencies = (
				897DA7E52B403D0400A91610 /* ComposableArchitecture */,
				897DA7EE2B404FF100A91610 /* Kingfisher */,
				899DDCA32B4EE6D3007EDAE7 /* Lottie */,
			);
			productName = iOSMovie;
			productReference = 89DC08E12B1F4474004EA9E4 /* iOSMovie.app */;
			productType = "com.apple.product-type.application";
		};
/* End PBXNativeTarget section */

/* Begin PBXProject section */
		89DC08D92B1F4474004EA9E4 /* Project object */ = {
			isa = PBXProject;
			attributes = {
				BuildIndependentTargetsInParallel = 1;
				LastSwiftUpdateCheck = 1510;
				LastUpgradeCheck = 1510;
				TargetAttributes = {
					89DC08E02B1F4474004EA9E4 = {
						CreatedOnToolsVersion = 15.1;
					};
				};
			};
			buildConfigurationList = 89DC08DC2B1F4474004EA9E4 /* Build configuration list for PBXProject "iOSMovie" */;
			compatibilityVersion = "Xcode 14.0";
			developmentRegion = en;
			hasScannedForEncodings = 0;
			knownRegions = (
				en,
				Base,
			);
			mainGroup = 89DC08D82B1F4474004EA9E4;
			packageReferences = (
				897DA7E42B403D0400A91610 /* XCRemoteSwiftPackageReference "swift-composable-architecture" */,
				897DA7ED2B404FF100A91610 /* XCRemoteSwiftPackageReference "Kingfisher" */,
				899DDCA22B4EE6D3007EDAE7 /* XCRemoteSwiftPackageReference "lottie-ios" */,
			);
			productRefGroup = 89DC08E22B1F4474004EA9E4 /* Products */;
			projectDirPath = "";
			projectRoot = "";
			targets = (
				89DC08E02B1F4474004EA9E4 /* iOSMovie */,
			);
		};
/* End PBXProject section */

/* Begin PBXResourcesBuildPhase section */
		89DC08DF2B1F4474004EA9E4 /* Resources */ = {
			isa = PBXResourcesBuildPhase;
			buildActionMask = 2147483647;
			files = (
				89DC08EC2B1F4475004EA9E4 /* Preview Assets.xcassets in Resources */,
				899DDCA72B4EE986007EDAE7 /* Loading_Lottie.json in Resources */,
				89DC08E92B1F4475004EA9E4 /* Assets.xcassets in Resources */,
				89F0CD8E2B42ABA500434081 /* Color.xcassets in Resources */,
			);
			runOnlyForDeploymentPostprocessing = 0;
		};
/* End PBXResourcesBuildPhase section */

/* Begin PBXSourcesBuildPhase section */
		89DC08DD2B1F4474004EA9E4 /* Sources */ = {
			isa = PBXSourcesBuildPhase;
			buildActionMask = 2147483647;
			files = (
				89F0CD982B446C8D00434081 /* ReviewView.swift in Sources */,
				899F2C212B4D59BC00568110 /* MovieClient.swift in Sources */,
				89F0CD962B446C8700434081 /* HomeView.swift in Sources */,
				89DC08F52B21D1D0004EA9E4 /* SearchView.swift in Sources */,
				89DC08E72B1F4474004EA9E4 /* ContentView.swift in Sources */,
				897DA7E82B403D3200A91610 /* MovieModel.swift in Sources */,
				89DC08E52B1F4474004EA9E4 /* iOSMovieApp.swift in Sources */,
				890B51922B608C3D00835A39 /* MovieDetailView.swift in Sources */,
				89F0CD922B4466FD00434081 /* SearchListView.swift in Sources */,
				89F0CD902B44665A00434081 /* SearchTextField.swift in Sources */,
				89DC08F32B217D45004EA9E4 /* Movie.swift in Sources */,
				897DA7F12B40518000A91610 /* SearchMovieView.swift in Sources */,
			);
			runOnlyForDeploymentPostprocessing = 0;
		};
/* End PBXSourcesBuildPhase section */

/* Begin XCBuildConfiguration section */
		89DC08ED2B1F4475004EA9E4 /* Debug */ = {
			isa = XCBuildConfiguration;
			buildSettings = {
				ALWAYS_SEARCH_USER_PATHS = NO;
				ASSETCATALOG_COMPILER_GENERATE_SWIFT_ASSET_SYMBOL_EXTENSIONS = YES;
				CLANG_ANALYZER_NONNULL = YES;
				CLANG_ANALYZER_NUMBER_OBJECT_CONVERSION = YES_AGGRESSIVE;
				CLANG_CXX_LANGUAGE_STANDARD = "gnu++20";
				CLANG_ENABLE_MODULES = YES;
				CLANG_ENABLE_OBJC_ARC = YES;
				CLANG_ENABLE_OBJC_WEAK = YES;
				CLANG_WARN_BLOCK_CAPTURE_AUTORELEASING = YES;
				CLANG_WARN_BOOL_CONVERSION = YES;
				CLANG_WARN_COMMA = YES;
				CLANG_WARN_CONSTANT_CONVERSION = YES;
				CLANG_WARN_DEPRECATED_OBJC_IMPLEMENTATIONS = YES;
				CLANG_WARN_DIRECT_OBJC_ISA_USAGE = YES_ERROR;
				CLANG_WARN_DOCUMENTATION_COMMENTS = YES;
				CLANG_WARN_EMPTY_BODY = YES;
				CLANG_WARN_ENUM_CONVERSION = YES;
				CLANG_WARN_INFINITE_RECURSION = YES;
				CLANG_WARN_INT_CONVERSION = YES;
				CLANG_WARN_NON_LITERAL_NULL_CONVERSION = YES;
				CLANG_WARN_OBJC_IMPLICIT_RETAIN_SELF = YES;
				CLANG_WARN_OBJC_LITERAL_CONVERSION = YES;
				CLANG_WARN_OBJC_ROOT_CLASS = YES_ERROR;
				CLANG_WARN_QUOTED_INCLUDE_IN_FRAMEWORK_HEADER = YES;
				CLANG_WARN_RANGE_LOOP_ANALYSIS = YES;
				CLANG_WARN_STRICT_PROTOTYPES = YES;
				CLANG_WARN_SUSPICIOUS_MOVE = YES;
				CLANG_WARN_UNGUARDED_AVAILABILITY = YES_AGGRESSIVE;
				CLANG_WARN_UNREACHABLE_CODE = YES;
				CLANG_WARN__DUPLICATE_METHOD_MATCH = YES;
				COPY_PHASE_STRIP = NO;
				DEBUG_INFORMATION_FORMAT = dwarf;
				ENABLE_STRICT_OBJC_MSGSEND = YES;
				ENABLE_TESTABILITY = YES;
				ENABLE_USER_SCRIPT_SANDBOXING = YES;
				GCC_C_LANGUAGE_STANDARD = gnu17;
				GCC_DYNAMIC_NO_PIC = NO;
				GCC_NO_COMMON_BLOCKS = YES;
				GCC_OPTIMIZATION_LEVEL = 0;
				GCC_PREPROCESSOR_DEFINITIONS = (
					"DEBUG=1",
					"$(inherited)",
				);
				GCC_WARN_64_TO_32_BIT_CONVERSION = YES;
				GCC_WARN_ABOUT_RETURN_TYPE = YES_ERROR;
				GCC_WARN_UNDECLARED_SELECTOR = YES;
				GCC_WARN_UNINITIALIZED_AUTOS = YES_AGGRESSIVE;
				GCC_WARN_UNUSED_FUNCTION = YES;
				GCC_WARN_UNUSED_VARIABLE = YES;
				IPHONEOS_DEPLOYMENT_TARGET = 17.2;
				LOCALIZATION_PREFERS_STRING_CATALOGS = YES;
				MTL_ENABLE_DEBUG_INFO = INCLUDE_SOURCE;
				MTL_FAST_MATH = YES;
				ONLY_ACTIVE_ARCH = YES;
				SDKROOT = iphoneos;
				SWIFT_ACTIVE_COMPILATION_CONDITIONS = "DEBUG $(inherited)";
				SWIFT_OPTIMIZATION_LEVEL = "-Onone";
			};
			name = Debug;
		};
		89DC08EE2B1F4475004EA9E4 /* Release */ = {
			isa = XCBuildConfiguration;
			buildSettings = {
				ALWAYS_SEARCH_USER_PATHS = NO;
				ASSETCATALOG_COMPILER_GENERATE_SWIFT_ASSET_SYMBOL_EXTENSIONS = YES;
				CLANG_ANALYZER_NONNULL = YES;
				CLANG_ANALYZER_NUMBER_OBJECT_CONVERSION = YES_AGGRESSIVE;
				CLANG_CXX_LANGUAGE_STANDARD = "gnu++20";
				CLANG_ENABLE_MODULES = YES;
				CLANG_ENABLE_OBJC_ARC = YES;
				CLANG_ENABLE_OBJC_WEAK = YES;
				CLANG_WARN_BLOCK_CAPTURE_AUTORELEASING = YES;
				CLANG_WARN_BOOL_CONVERSION = YES;
				CLANG_WARN_COMMA = YES;
				CLANG_WARN_CONSTANT_CONVERSION = YES;
				CLANG_WARN_DEPRECATED_OBJC_IMPLEMENTATIONS = YES;
				CLANG_WARN_DIRECT_OBJC_ISA_USAGE = YES_ERROR;
				CLANG_WARN_DOCUMENTATION_COMMENTS = YES;
				CLANG_WARN_EMPTY_BODY = YES;
				CLANG_WARN_ENUM_CONVERSION = YES;
				CLANG_WARN_INFINITE_RECURSION = YES;
				CLANG_WARN_INT_CONVERSION = YES;
				CLANG_WARN_NON_LITERAL_NULL_CONVERSION = YES;
				CLANG_WARN_OBJC_IMPLICIT_RETAIN_SELF = YES;
				CLANG_WARN_OBJC_LITERAL_CONVERSION = YES;
				CLANG_WARN_OBJC_ROOT_CLASS = YES_ERROR;
				CLANG_WARN_QUOTED_INCLUDE_IN_FRAMEWORK_HEADER = YES;
				CLANG_WARN_RANGE_LOOP_ANALYSIS = YES;
				CLANG_WARN_STRICT_PROTOTYPES = YES;
				CLANG_WARN_SUSPICIOUS_MOVE = YES;
				CLANG_WARN_UNGUARDED_AVAILABILITY = YES_AGGRESSIVE;
				CLANG_WARN_UNREACHABLE_CODE = YES;
				CLANG_WARN__DUPLICATE_METHOD_MATCH = YES;
				COPY_PHASE_STRIP = NO;
				DEBUG_INFORMATION_FORMAT = "dwarf-with-dsym";
				ENABLE_NS_ASSERTIONS = NO;
				ENABLE_STRICT_OBJC_MSGSEND = YES;
				ENABLE_USER_SCRIPT_SANDBOXING = YES;
				GCC_C_LANGUAGE_STANDARD = gnu17;
				GCC_NO_COMMON_BLOCKS = YES;
				GCC_WARN_64_TO_32_BIT_CONVERSION = YES;
				GCC_WARN_ABOUT_RETURN_TYPE = YES_ERROR;
				GCC_WARN_UNDECLARED_SELECTOR = YES;
				GCC_WARN_UNINITIALIZED_AUTOS = YES_AGGRESSIVE;
				GCC_WARN_UNUSED_FUNCTION = YES;
				GCC_WARN_UNUSED_VARIABLE = YES;
				IPHONEOS_DEPLOYMENT_TARGET = 17.2;
				LOCALIZATION_PREFERS_STRING_CATALOGS = YES;
				MTL_ENABLE_DEBUG_INFO = NO;
				MTL_FAST_MATH = YES;
				SDKROOT = iphoneos;
				SWIFT_COMPILATION_MODE = wholemodule;
				VALIDATE_PRODUCT = YES;
			};
			name = Release;
		};
		89DC08F02B1F4475004EA9E4 /* Debug */ = {
			isa = XCBuildConfiguration;
			buildSettings = {
				ASSETCATALOG_COMPILER_APPICON_NAME = AppIcon;
				ASSETCATALOG_COMPILER_GLOBAL_ACCENT_COLOR_NAME = AccentColor;
				CODE_SIGN_STYLE = Automatic;
				CURRENT_PROJECT_VERSION = 1;
				DEVELOPMENT_ASSET_PATHS = "\"iOSMovie/Preview Content\"";
				DEVELOPMENT_TEAM = 68A8NDN495;
				ENABLE_PREVIEWS = YES;
				GENERATE_INFOPLIST_FILE = YES;
				INFOPLIST_KEY_UIApplicationSceneManifest_Generation = YES;
				INFOPLIST_KEY_UIApplicationSupportsIndirectInputEvents = YES;
				INFOPLIST_KEY_UILaunchScreen_Generation = YES;
				INFOPLIST_KEY_UISupportedInterfaceOrientations_iPad = "UIInterfaceOrientationPortrait UIInterfaceOrientationPortraitUpsideDown UIInterfaceOrientationLandscapeLeft UIInterfaceOrientationLandscapeRight";
				INFOPLIST_KEY_UISupportedInterfaceOrientations_iPhone = "UIInterfaceOrientationPortrait UIInterfaceOrientationLandscapeLeft UIInterfaceOrientationLandscapeRight";
				LD_RUNPATH_SEARCH_PATHS = (
					"$(inherited)",
					"@executable_path/Frameworks",
				);
				MARKETING_VERSION = 1.0;
				PRODUCT_BUNDLE_IDENTIFIER = com.example.iOSMovie;
				PRODUCT_NAME = "$(TARGET_NAME)";
				SWIFT_EMIT_LOC_STRINGS = YES;
				SWIFT_VERSION = 5.0;
				TARGETED_DEVICE_FAMILY = "1,2";
			};
			name = Debug;
		};
		89DC08F12B1F4475004EA9E4 /* Release */ = {
			isa = XCBuildConfiguration;
			buildSettings = {
				ASSETCATALOG_COMPILER_APPICON_NAME = AppIcon;
				ASSETCATALOG_COMPILER_GLOBAL_ACCENT_COLOR_NAME = AccentColor;
				CODE_SIGN_STYLE = Automatic;
				CURRENT_PROJECT_VERSION = 1;
				DEVELOPMENT_ASSET_PATHS = "\"iOSMovie/Preview Content\"";
				DEVELOPMENT_TEAM = 68A8NDN495;
				ENABLE_PREVIEWS = YES;
				GENERATE_INFOPLIST_FILE = YES;
				INFOPLIST_KEY_UIApplicationSceneManifest_Generation = YES;
				INFOPLIST_KEY_UIApplicationSupportsIndirectInputEvents = YES;
				INFOPLIST_KEY_UILaunchScreen_Generation = YES;
				INFOPLIST_KEY_UISupportedInterfaceOrientations_iPad = "UIInterfaceOrientationPortrait UIInterfaceOrientationPortraitUpsideDown UIInterfaceOrientationLandscapeLeft UIInterfaceOrientationLandscapeRight";
				INFOPLIST_KEY_UISupportedInterfaceOrientations_iPhone = "UIInterfaceOrientationPortrait UIInterfaceOrientationLandscapeLeft UIInterfaceOrientationLandscapeRight";
				LD_RUNPATH_SEARCH_PATHS = (
					"$(inherited)",
					"@executable_path/Frameworks",
				);
				MARKETING_VERSION = 1.0;
				PRODUCT_BUNDLE_IDENTIFIER = com.example.iOSMovie;
				PRODUCT_NAME = "$(TARGET_NAME)";
				SWIFT_EMIT_LOC_STRINGS = YES;
				SWIFT_VERSION = 5.0;
				TARGETED_DEVICE_FAMILY = "1,2";
			};
			name = Release;
		};
/* End XCBuildConfiguration section */

/* Begin XCConfigurationList section */
		89DC08DC2B1F4474004EA9E4 /* Build configuration list for PBXProject "iOSMovie" */ = {
			isa = XCConfigurationList;
			buildConfigurations = (
				89DC08ED2B1F4475004EA9E4 /* Debug */,
				89DC08EE2B1F4475004EA9E4 /* Release */,
			);
			defaultConfigurationIsVisible = 0;
			defaultConfigurationName = Release;
		};
		89DC08EF2B1F4475004EA9E4 /* Build configuration list for PBXNativeTarget "iOSMovie" */ = {
			isa = XCConfigurationList;
			buildConfigurations = (
				89DC08F02B1F4475004EA9E4 /* Debug */,
				89DC08F12B1F4475004EA9E4 /* Release */,
			);
			defaultConfigurationIsVisible = 0;
			defaultConfigurationName = Release;
		};
/* End XCConfigurationList section */

/* Begin XCRemoteSwiftPackageReference section */
		897DA7E42B403D0400A91610 /* XCRemoteSwiftPackageReference "swift-composable-architecture" */ = {
			isa = XCRemoteSwiftPackageReference;
			repositoryURL = "https://github.com/pointfreeco/swift-composable-architecture";
			requirement = {
				kind = upToNextMajorVersion;
				minimumVersion = 1.5.6;
			};
		};
		897DA7ED2B404FF100A91610 /* XCRemoteSwiftPackageReference "Kingfisher" */ = {
			isa = XCRemoteSwiftPackageReference;
			repositoryURL = "https://github.com/onevcat/Kingfisher.git";
			requirement = {
				kind = upToNextMajorVersion;
				minimumVersion = 7.10.1;
			};
		};
		899DDCA22B4EE6D3007EDAE7 /* XCRemoteSwiftPackageReference "lottie-ios" */ = {
			isa = XCRemoteSwiftPackageReference;
			repositoryURL = "https://github.com/airbnb/lottie-ios";
			requirement = {
				kind = upToNextMajorVersion;
				minimumVersion = 4.3.4;
			};
		};
/* End XCRemoteSwiftPackageReference section */

/* Begin XCSwiftPackageProductDependency section */
		897DA7E52B403D0400A91610 /* ComposableArchitecture */ = {
			isa = XCSwiftPackageProductDependency;
			package = 897DA7E42B403D0400A91610 /* XCRemoteSwiftPackageReference "swift-composable-architecture" */;
			productName = ComposableArchitecture;
		};
		897DA7EE2B404FF100A91610 /* Kingfisher */ = {
			isa = XCSwiftPackageProductDependency;
			package = 897DA7ED2B404FF100A91610 /* XCRemoteSwiftPackageReference "Kingfisher" */;
			productName = Kingfisher;
		};
		899DDCA32B4EE6D3007EDAE7 /* Lottie */ = {
			isa = XCSwiftPackageProductDependency;
			package = 899DDCA22B4EE6D3007EDAE7 /* XCRemoteSwiftPackageReference "lottie-ios" */;
			productName = Lottie;
		};
/* End XCSwiftPackageProductDependency section */
	};
	rootObject = 89DC08D92B1F4474004EA9E4 /* Project object */;
}
